
Microsoft Visual Studio Solution File, Format Version 12.00
# Visual Studio Version 16
VisualStudioVersion = 16.0.30907.101
MinimumVisualStudioVersion = 10.0.40219.1
Project("{FAE04EC0-301F-11D3-BF4B-00C04F79EFBC}") = "Katas", "Katas\Katas.csproj", "{86018029-71A8-4B77-8831-A29885BA99A9}"
EndProject
Project("{FAE04EC0-301F-11D3-BF4B-00C04F79EFBC}") = "KatasTests", "KatasTests\KatasTests.csproj", "{D78BE7FE-757A-49A9-A780-BD6510087BEE}"
EndProject
Global
	GlobalSection(SolutionConfigurationPlatforms) = preSolution
		Debug|Any CPU = Debug|Any CPU
		Release|Any CPU = Release|Any CPU
	EndGlobalSection
	GlobalSection(ProjectConfigurationPlatforms) = postSolution
		{86018029-71A8-4B77-8831-A29885BA99A9}.Debug|Any CPU.ActiveCfg = Debug|Any CPU
		{86018029-71A8-4B77-8831-A29885BA99A9}.Debug|Any CPU.Build.0 = Debug|Any CPU
		{86018029-71A8-4B77-8831-A29885BA99A9}.Release|Any CPU.ActiveCfg = Release|Any CPU
		{86018029-71A8-4B77-8831-A29885BA99A9}.Release|Any CPU.Build.0 = Release|Any CPU
		{D78BE7FE-757A-49A9-A780-BD6510087BEE}.Debug|Any CPU.ActiveCfg = Debug|Any CPU
		{D78BE7FE-757A-49A9-A780-BD6510087BEE}.Debug|Any CPU.Build.0 = Debug|Any CPU
		{D78BE7FE-757A-49A9-A780-BD6510087BEE}.Release|Any CPU.ActiveCfg = Release|Any CPU
		{D78BE7FE-757A-49A9-A780-BD6510087BEE}.Release|Any CPU.Build.0 = Release|Any CPU
	EndGlobalSection
	GlobalSection(SolutionProperties) = preSolution
		HideSolutionNode = FALSE
	EndGlobalSection
	GlobalSection(ExtensibilityGlobals) = postSolution
		SolutionGuid = {4A1D9C79-5027-4577-A428-14B0B684E777}
	EndGlobalSection
EndGlobal
