
Microsoft Visual Studio Solution File, Format Version 12.00
# Visual Studio Version 16
VisualStudioVersion = 16.0.32126.315
MinimumVisualStudioVersion = 10.0.40219.1
Project("{9A19103F-16F7-4668-BE54-9A1E7A4F7556}") = "ChristmasLights", "ChristmasLights\ChristmasLights.csproj", "{68D9002F-AEE5-41CF-B522-C2DF2688CC34}"
EndProject
Project("{FAE04EC0-301F-11D3-BF4B-00C04F79EFBC}") = "ChristmasLightsTest", "ChristmasLightsTest\ChristmasLightsTest.csproj", "{ABE7560C-598B-4440-98CE-B138A7B04C30}"
EndProject
Global
	GlobalSection(SolutionConfigurationPlatforms) = preSolution
		Debug|Any CPU = Debug|Any CPU
		Release|Any CPU = Release|Any CPU
	EndGlobalSection
	GlobalSection(ProjectConfigurationPlatforms) = postSolution
		{68D9002F-AEE5-41CF-B522-C2DF2688CC34}.Debug|Any CPU.ActiveCfg = Debug|Any CPU
		{68D9002F-AEE5-41CF-B522-C2DF2688CC34}.Debug|Any CPU.Build.0 = Debug|Any CPU
		{68D9002F-AEE5-41CF-B522-C2DF2688CC34}.Release|Any CPU.ActiveCfg = Release|Any CPU
		{68D9002F-AEE5-41CF-B522-C2DF2688CC34}.Release|Any CPU.Build.0 = Release|Any CPU
		{ABE7560C-598B-4440-98CE-B138A7B04C30}.Debug|Any CPU.ActiveCfg = Debug|Any CPU
		{ABE7560C-598B-4440-98CE-B138A7B04C30}.Debug|Any CPU.Build.0 = Debug|Any CPU
		{ABE7560C-598B-4440-98CE-B138A7B04C30}.Release|Any CPU.ActiveCfg = Release|Any CPU
		{ABE7560C-598B-4440-98CE-B138A7B04C30}.Release|Any CPU.Build.0 = Release|Any CPU
	EndGlobalSection
	GlobalSection(SolutionProperties) = preSolution
		HideSolutionNode = FALSE
	EndGlobalSection
	GlobalSection(ExtensibilityGlobals) = postSolution
		SolutionGuid = {55BFFC7A-F5A8-48D6-A590-60E512589909}
	EndGlobalSection
EndGlobal
